// !$*UTF8*$!
{
	archiveVersion = 1;
	classes = {
	};
	objectVersion = 55;
	objects = {

/* Begin PBXBuildFile section */
		EF871A7228D3B24D0034FC47 /* AppDelegate.swift in Sources */ = {isa = PBXBuildFile; fileRef = EF871A7128D3B24D0034FC47 /* AppDelegate.swift */; };
		EF871A7428D3B24D0034FC47 /* SceneDelegate.swift in Sources */ = {isa = PBXBuildFile; fileRef = EF871A7328D3B24D0034FC47 /* SceneDelegate.swift */; };
		EF871A7628D3B24D0034FC47 /* ViewController.swift in Sources */ = {isa = PBXBuildFile; fileRef = EF871A7528D3B24D0034FC47 /* ViewController.swift */; };
		EF871A7928D3B24D0034FC47 /* Main.storyboard in Resources */ = {isa = PBXBuildFile; fileRef = EF871A7728D3B24D0034FC47 /* Main.storyboard */; };
		EF871A7B28D3B24E0034FC47 /* Assets.xcassets in Resources */ = {isa = PBXBuildFile; fileRef = EF871A7A28D3B24E0034FC47 /* Assets.xcassets */; };
		EF871A7E28D3B24E0034FC47 /* LaunchScreen.storyboard in Resources */ = {isa = PBXBuildFile; fileRef = EF871A7C28D3B24E0034FC47 /* LaunchScreen.storyboard */; };
		EF871A8928D3B24E0034FC47 /* Lab3Tests.swift in Sources */ = {isa = PBXBuildFile; fileRef = EF871A8828D3B24E0034FC47 /* Lab3Tests.swift */; };
		EF871A9328D3B24E0034FC47 /* Lab3UITests.swift in Sources */ = {isa = PBXBuildFile; fileRef = EF871A9228D3B24E0034FC47 /* Lab3UITests.swift */; };
		EF871A9528D3B24E0034FC47 /* Lab3UITestsLaunchTests.swift in Sources */ = {isa = PBXBuildFile; fileRef = EF871A9428D3B24E0034FC47 /* Lab3UITestsLaunchTests.swift */; };
/* End PBXBuildFile section */

/* Begin PBXContainerItemProxy section */
		EF871A8528D3B24E0034FC47 /* PBXContainerItemProxy */ = {
			isa = PBXContainerItemProxy;
			containerPortal = EF871A6628D3B24D0034FC47 /* Project object */;
			proxyType = 1;
			remoteGlobalIDString = EF871A6D28D3B24D0034FC47;
			remoteInfo = Lab3;
		};
		EF871A8F28D3B24E0034FC47 /* PBXContainerItemProxy */ = {
			isa = PBXContainerItemProxy;
			containerPortal = EF871A6628D3B24D0034FC47 /* Project object */;
			proxyType = 1;
			remoteGlobalIDString = EF871A6D28D3B24D0034FC47;
			remoteInfo = Lab3;
		};
/* End PBXContainerItemProxy section */

/* Begin PBXFileReference section */
		EF871A6E28D3B24D0034FC47 /* Lab3.app */ = {isa = PBXFileReference; explicitFileType = wrapper.application; includeInIndex = 0; path = Lab3.app; sourceTree = BUILT_PRODUCTS_DIR; };
		EF871A7128D3B24D0034FC47 /* AppDelegate.swift */ = {isa = PBXFileReference; lastKnownFileType = sourcecode.swift; path = AppDelegate.swift; sourceTree = "<group>"; };
		EF871A7328D3B24D0034FC47 /* SceneDelegate.swift */ = {isa = PBXFileReference; lastKnownFileType = sourcecode.swift; path = SceneDelegate.swift; sourceTree = "<group>"; };
		EF871A7528D3B24D0034FC47 /* ViewController.swift */ = {isa = PBXFileReference; lastKnownFileType = sourcecode.swift; path = ViewController.swift; sourceTree = "<group>"; };
		EF871A7828D3B24D0034FC47 /* Base */ = {isa = PBXFileReference; lastKnownFileType = file.storyboard; name = Base; path = Base.lproj/Main.storyboard; sourceTree = "<group>"; };
		EF871A7A28D3B24E0034FC47 /* Assets.xcassets */ = {isa = PBXFileReference; lastKnownFileType = folder.assetcatalog; path = Assets.xcassets; sourceTree = "<group>"; };
		EF871A7D28D3B24E0034FC47 /* Base */ = {isa = PBXFileReference; lastKnownFileType = file.storyboard; name = Base; path = Base.lproj/LaunchScreen.storyboard; sourceTree = "<group>"; };
		EF871A7F28D3B24E0034FC47 /* Info.plist */ = {isa = PBXFileReference; lastKnownFileType = text.plist.xml; path = Info.plist; sourceTree = "<group>"; };
		EF871A8428D3B24E0034FC47 /* Lab3Tests.xctest */ = {isa = PBXFileReference; explicitFileType = wrapper.cfbundle; includeInIndex = 0; path = Lab3Tests.xctest; sourceTree = BUILT_PRODUCTS_DIR; };
		EF871A8828D3B24E0034FC47 /* Lab3Tests.swift */ = {isa = PBXFileReference; lastKnownFileType = sourcecode.swift; path = Lab3Tests.swift; sourceTree = "<group>"; };
		EF871A8E28D3B24E0034FC47 /* Lab3UITests.xctest */ = {isa = PBXFileReference; explicitFileType = wrapper.cfbundle; includeInIndex = 0; path = Lab3UITests.xctest; sourceTree = BUILT_PRODUCTS_DIR; };
		EF871A9228D3B24E0034FC47 /* Lab3UITests.swift */ = {isa = PBXFileReference; lastKnownFileType = sourcecode.swift; path = Lab3UITests.swift; sourceTree = "<group>"; };
		EF871A9428D3B24E0034FC47 /* Lab3UITestsLaunchTests.swift */ = {isa = PBXFileReference; lastKnownFileType = sourcecode.swift; path = Lab3UITestsLaunchTests.swift; sourceTree = "<group>"; };
/* End PBXFileReference section */

/* Begin PBXFrameworksBuildPhase section */
		EF871A6B28D3B24D0034FC47 /* Frameworks */ = {
			isa = PBXFrameworksBuildPhase;
			buildActionMask = 2147483647;
			files = (
			);
			runOnlyForDeploymentPostprocessing = 0;
		};
		EF871A8128D3B24E0034FC47 /* Frameworks */ = {
			isa = PBXFrameworksBuildPhase;
			buildActionMask = 2147483647;
			files = (
			);
			runOnlyForDeploymentPostprocessing = 0;
		};
		EF871A8B28D3B24E0034FC47 /* Frameworks */ = {
			isa = PBXFrameworksBuildPhase;
			buildActionMask = 2147483647;
			files = (
			);
			runOnlyForDeploymentPostprocessing = 0;
		};
/* End PBXFrameworksBuildPhase section */

/* Begin PBXGroup section */
		EF871A6528D3B24D0034FC47 = {
			isa = PBXGroup;
			children = (
				EF871A7028D3B24D0034FC47 /* Lab3 */,
				EF871A8728D3B24E0034FC47 /* Lab3Tests */,
				EF871A9128D3B24E0034FC47 /* Lab3UITests */,
				EF871A6F28D3B24D0034FC47 /* Products */,
			);
			sourceTree = "<group>";
		};
		EF871A6F28D3B24D0034FC47 /* Products */ = {
			isa = PBXGroup;
			children = (
				EF871A6E28D3B24D0034FC47 /* Lab3.app */,
				EF871A8428D3B24E0034FC47 /* Lab3Tests.xctest */,
				EF871A8E28D3B24E0034FC47 /* Lab3UITests.xctest */,
			);
			name = Products;
			sourceTree = "<group>";
		};
		EF871A7028D3B24D0034FC47 /* Lab3 */ = {
			isa = PBXGroup;
			children = (
				EF871A7128D3B24D0034FC47 /* AppDelegate.swift */,
				EF871A7328D3B24D0034FC47 /* SceneDelegate.swift */,
				EF871A7528D3B24D0034FC47 /* ViewController.swift */,
				EF871A7728D3B24D0034FC47 /* Main.storyboard */,
				EF871A7A28D3B24E0034FC47 /* Assets.xcassets */,
				EF871A7C28D3B24E0034FC47 /* LaunchScreen.storyboard */,
				EF871A7F28D3B24E0034FC47 /* Info.plist */,
			);
			path = Lab3;
			sourceTree = "<group>";
		};
		EF871A8728D3B24E0034FC47 /* Lab3Tests */ = {
			isa = PBXGroup;
			children = (
				EF871A8828D3B24E0034FC47 /* Lab3Tests.swift */,
			);
			path = Lab3Tests;
			sourceTree = "<group>";
		};
		EF871A9128D3B24E0034FC47 /* Lab3UITests */ = {
			isa = PBXGroup;
			children = (
				EF871A9228D3B24E0034FC47 /* Lab3UITests.swift */,
				EF871A9428D3B24E0034FC47 /* Lab3UITestsLaunchTests.swift */,
			);
			path = Lab3UITests;
			sourceTree = "<group>";
		};
/* End PBXGroup section */

/* Begin PBXNativeTarget section */
		EF871A6D28D3B24D0034FC47 /* Lab3 */ = {
			isa = PBXNativeTarget;
			buildConfigurationList = EF871A9828D3B24E0034FC47 /* Build configuration list for PBXNativeTarget "Lab3" */;
			buildPhases = (
				EF871A6A28D3B24D0034FC47 /* Sources */,
				EF871A6B28D3B24D0034FC47 /* Frameworks */,
				EF871A6C28D3B24D0034FC47 /* Resources */,
			);
			buildRules = (
			);
			dependencies = (
			);
			name = Lab3;
			productName = Lab3;
			productReference = EF871A6E28D3B24D0034FC47 /* Lab3.app */;
			productType = "com.apple.product-type.application";
		};
		EF871A8328D3B24E0034FC47 /* Lab3Tests */ = {
			isa = PBXNativeTarget;
			buildConfigurationList = EF871A9B28D3B24E0034FC47 /* Build configuration list for PBXNativeTarget "Lab3Tests" */;
			buildPhases = (
				EF871A8028D3B24E0034FC47 /* Sources */,
				EF871A8128D3B24E0034FC47 /* Frameworks */,
				EF871A8228D3B24E0034FC47 /* Resources */,
			);
			buildRules = (
			);
			dependencies = (
				EF871A8628D3B24E0034FC47 /* PBXTargetDependency */,
			);
			name = Lab3Tests;
			productName = Lab3Tests;
			productReference = EF871A8428D3B24E0034FC47 /* Lab3Tests.xctest */;
			productType = "com.apple.product-type.bundle.unit-test";
		};
		EF871A8D28D3B24E0034FC47 /* Lab3UITests */ = {
			isa = PBXNativeTarget;
			buildConfigurationList = EF871A9E28D3B24E0034FC47 /* Build configuration list for PBXNativeTarget "Lab3UITests" */;
			buildPhases = (
				EF871A8A28D3B24E0034FC47 /* Sources */,
				EF871A8B28D3B24E0034FC47 /* Frameworks */,
				EF871A8C28D3B24E0034FC47 /* Resources */,
			);
			buildRules = (
			);
			dependencies = (
				EF871A9028D3B24E0034FC47 /* PBXTargetDependency */,
			);
			name = Lab3UITests;
			productName = Lab3UITests;
			productReference = EF871A8E28D3B24E0034FC47 /* Lab3UITests.xctest */;
			productType = "com.apple.product-type.bundle.ui-testing";
		};
/* End PBXNativeTarget section */

/* Begin PBXProject section */
		EF871A6628D3B24D0034FC47 /* Project object */ = {
			isa = PBXProject;
			attributes = {
				BuildIndependentTargetsInParallel = 1;
				LastSwiftUpdateCheck = 1340;
				LastUpgradeCheck = 1340;
				TargetAttributes = {
					EF871A6D28D3B24D0034FC47 = {
						CreatedOnToolsVersion = 13.4;
					};
					EF871A8328D3B24E0034FC47 = {
						CreatedOnToolsVersion = 13.4;
						TestTargetID = EF871A6D28D3B24D0034FC47;
					};
					EF871A8D28D3B24E0034FC47 = {
						CreatedOnToolsVersion = 13.4;
						TestTargetID = EF871A6D28D3B24D0034FC47;
					};
				};
			};
			buildConfigurationList = EF871A6928D3B24D0034FC47 /* Build configuration list for PBXProject "Lab3" */;
			compatibilityVersion = "Xcode 13.0";
			developmentRegion = en;
			hasScannedForEncodings = 0;
			knownRegions = (
				en,
				Base,
			);
			mainGroup = EF871A6528D3B24D0034FC47;
			productRefGroup = EF871A6F28D3B24D0034FC47 /* Products */;
			projectDirPath = "";
			projectRoot = "";
			targets = (
				EF871A6D28D3B24D0034FC47 /* Lab3 */,
				EF871A8328D3B24E0034FC47 /* Lab3Tests */,
				EF871A8D28D3B24E0034FC47 /* Lab3UITests */,
			);
		};
/* End PBXProject section */

/* Begin PBXResourcesBuildPhase section */
		EF871A6C28D3B24D0034FC47 /* Resources */ = {
			isa = PBXResourcesBuildPhase;
			buildActionMask = 2147483647;
			files = (
				EF871A7E28D3B24E0034FC47 /* LaunchScreen.storyboard in Resources */,
				EF871A7B28D3B24E0034FC47 /* Assets.xcassets in Resources */,
				EF871A7928D3B24D0034FC47 /* Main.storyboard in Resources */,
			);
			runOnlyForDeploymentPostprocessing = 0;
		};
		EF871A8228D3B24E0034FC47 /* Resources */ = {
			isa = PBXResourcesBuildPhase;
			buildActionMask = 2147483647;
			files = (
			);
			runOnlyForDeploymentPostprocessing = 0;
		};
		EF871A8C28D3B24E0034FC47 /* Resources */ = {
			isa = PBXResourcesBuildPhase;
			buildActionMask = 2147483647;
			files = (
			);
			runOnlyForDeploymentPostprocessing = 0;
		};
/* End PBXResourcesBuildPhase section */

/* Begin PBXSourcesBuildPhase section */
		EF871A6A28D3B24D0034FC47 /* Sources */ = {
			isa = PBXSourcesBuildPhase;
			buildActionMask = 2147483647;
			files = (
				EF871A7628D3B24D0034FC47 /* ViewController.swift in Sources */,
				EF871A7228D3B24D0034FC47 /* AppDelegate.swift in Sources */,
				EF871A7428D3B24D0034FC47 /* SceneDelegate.swift in Sources */,
			);
			runOnlyForDeploymentPostprocessing = 0;
		};
		EF871A8028D3B24E0034FC47 /* Sources */ = {
			isa = PBXSourcesBuildPhase;
			buildActionMask = 2147483647;
			files = (
				EF871A8928D3B24E0034FC47 /* Lab3Tests.swift in Sources */,
			);
			runOnlyForDeploymentPostprocessing = 0;
		};
		EF871A8A28D3B24E0034FC47 /* Sources */ = {
			isa = PBXSourcesBuildPhase;
			buildActionMask = 2147483647;
			files = (
				EF871A9528D3B24E0034FC47 /* Lab3UITestsLaunchTests.swift in Sources */,
				EF871A9328D3B24E0034FC47 /* Lab3UITests.swift in Sources */,
			);
			runOnlyForDeploymentPostprocessing = 0;
		};
/* End PBXSourcesBuildPhase section */

/* Begin PBXTargetDependency section */
		EF871A8628D3B24E0034FC47 /* PBXTargetDependency */ = {
			isa = PBXTargetDependency;
			target = EF871A6D28D3B24D0034FC47 /* Lab3 */;
			targetProxy = EF871A8528D3B24E0034FC47 /* PBXContainerItemProxy */;
		};
		EF871A9028D3B24E0034FC47 /* PBXTargetDependency */ = {
			isa = PBXTargetDependency;
			target = EF871A6D28D3B24D0034FC47 /* Lab3 */;
			targetProxy = EF871A8F28D3B24E0034FC47 /* PBXContainerItemProxy */;
		};
/* End PBXTargetDependency section */

/* Begin PBXVariantGroup section */
		EF871A7728D3B24D0034FC47 /* Main.storyboard */ = {
			isa = PBXVariantGroup;
			children = (
				EF871A7828D3B24D0034FC47 /* Base */,
			);
			name = Main.storyboard;
			sourceTree = "<group>";
		};
		EF871A7C28D3B24E0034FC47 /* LaunchScreen.storyboard */ = {
			isa = PBXVariantGroup;
			children = (
				EF871A7D28D3B24E0034FC47 /* Base */,
			);
			name = LaunchScreen.storyboard;
			sourceTree = "<group>";
		};
/* End PBXVariantGroup section */

/* Begin XCBuildConfiguration section */
		EF871A9628D3B24E0034FC47 /* Debug */ = {
			isa = XCBuildConfiguration;
			buildSettings = {
				ALWAYS_SEARCH_USER_PATHS = NO;
				CLANG_ANALYZER_NONNULL = YES;
				CLANG_ANALYZER_NUMBER_OBJECT_CONVERSION = YES_AGGRESSIVE;
				CLANG_CXX_LANGUAGE_STANDARD = "gnu++17";
				CLANG_ENABLE_MODULES = YES;
				CLANG_ENABLE_OBJC_ARC = YES;
				CLANG_ENABLE_OBJC_WEAK = YES;
				CLANG_WARN_BLOCK_CAPTURE_AUTORELEASING = YES;
				CLANG_WARN_BOOL_CONVERSION = YES;
				CLANG_WARN_COMMA = YES;
				CLANG_WARN_CONSTANT_CONVERSION = YES;
				CLANG_WARN_DEPRECATED_OBJC_IMPLEMENTATIONS = YES;
				CLANG_WARN_DIRECT_OBJC_ISA_USAGE = YES_ERROR;
				CLANG_WARN_DOCUMENTATION_COMMENTS = YES;
				CLANG_WARN_EMPTY_BODY = YES;
				CLANG_WARN_ENUM_CONVERSION = YES;
				CLANG_WARN_INFINITE_RECURSION = YES;
				CLANG_WARN_INT_CONVERSION = YES;
				CLANG_WARN_NON_LITERAL_NULL_CONVERSION = YES;
				CLANG_WARN_OBJC_IMPLICIT_RETAIN_SELF = YES;
				CLANG_WARN_OBJC_LITERAL_CONVERSION = YES;
				CLANG_WARN_OBJC_ROOT_CLASS = YES_ERROR;
				CLANG_WARN_QUOTED_INCLUDE_IN_FRAMEWORK_HEADER = YES;
				CLANG_WARN_RANGE_LOOP_ANALYSIS = YES;
				CLANG_WARN_STRICT_PROTOTYPES = YES;
				CLANG_WARN_SUSPICIOUS_MOVE = YES;
				CLANG_WARN_UNGUARDED_AVAILABILITY = YES_AGGRESSIVE;
				CLANG_WARN_UNREACHABLE_CODE = YES;
				CLANG_WARN__DUPLICATE_METHOD_MATCH = YES;
				COPY_PHASE_STRIP = NO;
				DEBUG_INFORMATION_FORMAT = dwarf;
				ENABLE_STRICT_OBJC_MSGSEND = YES;
				ENABLE_TESTABILITY = YES;
				GCC_C_LANGUAGE_STANDARD = gnu11;
				GCC_DYNAMIC_NO_PIC = NO;
				GCC_NO_COMMON_BLOCKS = YES;
				GCC_OPTIMIZATION_LEVEL = 0;
				GCC_PREPROCESSOR_DEFINITIONS = (
					"DEBUG=1",
					"$(inherited)",
				);
				GCC_WARN_64_TO_32_BIT_CONVERSION = YES;
				GCC_WARN_ABOUT_RETURN_TYPE = YES_ERROR;
				GCC_WARN_UNDECLARED_SELECTOR = YES;
				GCC_WARN_UNINITIALIZED_AUTOS = YES_AGGRESSIVE;
				GCC_WARN_UNUSED_FUNCTION = YES;
				GCC_WARN_UNUSED_VARIABLE = YES;
				IPHONEOS_DEPLOYMENT_TARGET = 15.5;
				MTL_ENABLE_DEBUG_INFO = INCLUDE_SOURCE;
				MTL_FAST_MATH = YES;
				ONLY_ACTIVE_ARCH = YES;
				SDKROOT = iphoneos;
				SWIFT_ACTIVE_COMPILATION_CONDITIONS = DEBUG;
				SWIFT_OPTIMIZATION_LEVEL = "-Onone";
			};
			name = Debug;
		};
		EF871A9728D3B24E0034FC47 /* Release */ = {
			isa = XCBuildConfiguration;
			buildSettings = {
				ALWAYS_SEARCH_USER_PATHS = NO;
				CLANG_ANALYZER_NONNULL = YES;
				CLANG_ANALYZER_NUMBER_OBJECT_CONVERSION = YES_AGGRESSIVE;
				CLANG_CXX_LANGUAGE_STANDARD = "gnu++17";
				CLANG_ENABLE_MODULES = YES;
				CLANG_ENABLE_OBJC_ARC = YES;
				CLANG_ENABLE_OBJC_WEAK = YES;
				CLANG_WARN_BLOCK_CAPTURE_AUTORELEASING = YES;
				CLANG_WARN_BOOL_CONVERSION = YES;
				CLANG_WARN_COMMA = YES;
				CLANG_WARN_CONSTANT_CONVERSION = YES;
				CLANG_WARN_DEPRECATED_OBJC_IMPLEMENTATIONS = YES;
				CLANG_WARN_DIRECT_OBJC_ISA_USAGE = YES_ERROR;
				CLANG_WARN_DOCUMENTATION_COMMENTS = YES;
				CLANG_WARN_EMPTY_BODY = YES;
				CLANG_WARN_ENUM_CONVERSION = YES;
				CLANG_WARN_INFINITE_RECURSION = YES;
				CLANG_WARN_INT_CONVERSION = YES;
				CLANG_WARN_NON_LITERAL_NULL_CONVERSION = YES;
				CLANG_WARN_OBJC_IMPLICIT_RETAIN_SELF = YES;
				CLANG_WARN_OBJC_LITERAL_CONVERSION = YES;
				CLANG_WARN_OBJC_ROOT_CLASS = YES_ERROR;
				CLANG_WARN_QUOTED_INCLUDE_IN_FRAMEWORK_HEADER = YES;
				CLANG_WARN_RANGE_LOOP_ANALYSIS = YES;
				CLANG_WARN_STRICT_PROTOTYPES = YES;
				CLANG_WARN_SUSPICIOUS_MOVE = YES;
				CLANG_WARN_UNGUARDED_AVAILABILITY = YES_AGGRESSIVE;
				CLANG_WARN_UNREACHABLE_CODE = YES;
				CLANG_WARN__DUPLICATE_METHOD_MATCH = YES;
				COPY_PHASE_STRIP = NO;
				DEBUG_INFORMATION_FORMAT = "dwarf-with-dsym";
				ENABLE_NS_ASSERTIONS = NO;
				ENABLE_STRICT_OBJC_MSGSEND = YES;
				GCC_C_LANGUAGE_STANDARD = gnu11;
				GCC_NO_COMMON_BLOCKS = YES;
				GCC_WARN_64_TO_32_BIT_CONVERSION = YES;
				GCC_WARN_ABOUT_RETURN_TYPE = YES_ERROR;
				GCC_WARN_UNDECLARED_SELECTOR = YES;
				GCC_WARN_UNINITIALIZED_AUTOS = YES_AGGRESSIVE;
				GCC_WARN_UNUSED_FUNCTION = YES;
				GCC_WARN_UNUSED_VARIABLE = YES;
				IPHONEOS_DEPLOYMENT_TARGET = 15.5;
				MTL_ENABLE_DEBUG_INFO = NO;
				MTL_FAST_MATH = YES;
				SDKROOT = iphoneos;
				SWIFT_COMPILATION_MODE = wholemodule;
				SWIFT_OPTIMIZATION_LEVEL = "-O";
				VALIDATE_PRODUCT = YES;
			};
			name = Release;
		};
		EF871A9928D3B24E0034FC47 /* Debug */ = {
			isa = XCBuildConfiguration;
			buildSettings = {
				ASSETCATALOG_COMPILER_APPICON_NAME = AppIcon;
				ASSETCATALOG_COMPILER_GLOBAL_ACCENT_COLOR_NAME = AccentColor;
				CODE_SIGN_STYLE = Automatic;
				CURRENT_PROJECT_VERSION = 1;
				GENERATE_INFOPLIST_FILE = YES;
				INFOPLIST_FILE = Lab3/Info.plist;
				INFOPLIST_KEY_UIApplicationSupportsIndirectInputEvents = YES;
				INFOPLIST_KEY_UILaunchStoryboardName = LaunchScreen;
				INFOPLIST_KEY_UIMainStoryboardFile = Main;
				INFOPLIST_KEY_UISupportedInterfaceOrientations_iPad = "UIInterfaceOrientationPortrait UIInterfaceOrientationPortraitUpsideDown UIInterfaceOrientationLandscapeLeft UIInterfaceOrientationLandscapeRight";
				INFOPLIST_KEY_UISupportedInterfaceOrientations_iPhone = "UIInterfaceOrientationPortrait UIInterfaceOrientationLandscapeLeft UIInterfaceOrientationLandscapeRight";
				LD_RUNPATH_SEARCH_PATHS = (
					"$(inherited)",
					"@executable_path/Frameworks",
				);
				MARKETING_VERSION = 1.0;
				PRODUCT_BUNDLE_IDENTIFIER = cse335.Lab3;
				PRODUCT_NAME = "$(TARGET_NAME)";
				SWIFT_EMIT_LOC_STRINGS = YES;
				SWIFT_VERSION = 5.0;
				TARGETED_DEVICE_FAMILY = "1,2";
			};
			name = Debug;
		};
		EF871A9A28D3B24E0034FC47 /* Release */ = {
			isa = XCBuildConfiguration;
			buildSettings = {
				ASSETCATALOG_COMPILER_APPICON_NAME = AppIcon;
				ASSETCATALOG_COMPILER_GLOBAL_ACCENT_COLOR_NAME = AccentColor;
				CODE_SIGN_STYLE = Automatic;
				CURRENT_PROJECT_VERSION = 1;
				GENERATE_INFOPLIST_FILE = YES;
				INFOPLIST_FILE = Lab3/Info.plist;
				INFOPLIST_KEY_UIApplicationSupportsIndirectInputEvents = YES;
				INFOPLIST_KEY_UILaunchStoryboardName = LaunchScreen;
				INFOPLIST_KEY_UIMainStoryboardFile = Main;
				INFOPLIST_KEY_UISupportedInterfaceOrientations_iPad = "UIInterfaceOrientationPortrait UIInterfaceOrientationPortraitUpsideDown UIInterfaceOrientationLandscapeLeft UIInterfaceOrientationLandscapeRight";
				INFOPLIST_KEY_UISupportedInterfaceOrientations_iPhone = "UIInterfaceOrientationPortrait UIInterfaceOrientationLandscapeLeft UIInterfaceOrientationLandscapeRight";
				LD_RUNPATH_SEARCH_PATHS = (
					"$(inherited)",
					"@executable_path/Frameworks",
				);
				MARKETING_VERSION = 1.0;
				PRODUCT_BUNDLE_IDENTIFIER = cse335.Lab3;
				PRODUCT_NAME = "$(TARGET_NAME)";
				SWIFT_EMIT_LOC_STRINGS = YES;
				SWIFT_VERSION = 5.0;
				TARGETED_DEVICE_FAMILY = "1,2";
			};
			name = Release;
		};
		EF871A9C28D3B24E0034FC47 /* Debug */ = {
			isa = XCBuildConfiguration;
			buildSettings = {
				ALWAYS_EMBED_SWIFT_STANDARD_LIBRARIES = YES;
				BUNDLE_LOADER = "$(TEST_HOST)";
				CODE_SIGN_STYLE = Automatic;
				CURRENT_PROJECT_VERSION = 1;
				GENERATE_INFOPLIST_FILE = YES;
				IPHONEOS_DEPLOYMENT_TARGET = 15.5;
				MARKETING_VERSION = 1.0;
				PRODUCT_BUNDLE_IDENTIFIER = cse335.Lab3Tests;
				PRODUCT_NAME = "$(TARGET_NAME)";
				SWIFT_EMIT_LOC_STRINGS = NO;
				SWIFT_VERSION = 5.0;
				TARGETED_DEVICE_FAMILY = "1,2";
				TEST_HOST = "$(BUILT_PRODUCTS_DIR)/Lab3.app/Lab3";
			};
			name = Debug;
		};
		EF871A9D28D3B24E0034FC47 /* Release */ = {
			isa = XCBuildConfiguration;
			buildSettings = {
				ALWAYS_EMBED_SWIFT_STANDARD_LIBRARIES = YES;
				BUNDLE_LOADER = "$(TEST_HOST)";
				CODE_SIGN_STYLE = Automatic;
				CURRENT_PROJECT_VERSION = 1;
				GENERATE_INFOPLIST_FILE = YES;
				IPHONEOS_DEPLOYMENT_TARGET = 15.5;
				MARKETING_VERSION = 1.0;
				PRODUCT_BUNDLE_IDENTIFIER = cse335.Lab3Tests;
				PRODUCT_NAME = "$(TARGET_NAME)";
				SWIFT_EMIT_LOC_STRINGS = NO;
				SWIFT_VERSION = 5.0;
				TARGETED_DEVICE_FAMILY = "1,2";
				TEST_HOST = "$(BUILT_PRODUCTS_DIR)/Lab3.app/Lab3";
			};
			name = Release;
		};
		EF871A9F28D3B24E0034FC47 /* Debug */ = {
			isa = XCBuildConfiguration;
			buildSettings = {
				ALWAYS_EMBED_SWIFT_STANDARD_LIBRARIES = YES;
				CODE_SIGN_STYLE = Automatic;
				CURRENT_PROJECT_VERSION = 1;
				GENERATE_INFOPLIST_FILE = YES;
				MARKETING_VERSION = 1.0;
				PRODUCT_BUNDLE_IDENTIFIER = cse335.Lab3UITests;
				PRODUCT_NAME = "$(TARGET_NAME)";
				SWIFT_EMIT_LOC_STRINGS = NO;
				SWIFT_VERSION = 5.0;
				TARGETED_DEVICE_FAMILY = "1,2";
				TEST_TARGET_NAME = Lab3;
			};
			name = Debug;
		};
		EF871AA028D3B24E0034FC47 /* Release */ = {
			isa = XCBuildConfiguration;
			buildSettings = {
				ALWAYS_EMBED_SWIFT_STANDARD_LIBRARIES = YES;
				CODE_SIGN_STYLE = Automatic;
				CURRENT_PROJECT_VERSION = 1;
				GENERATE_INFOPLIST_FILE = YES;
				MARKETING_VERSION = 1.0;
				PRODUCT_BUNDLE_IDENTIFIER = cse335.Lab3UITests;
				PRODUCT_NAME = "$(TARGET_NAME)";
				SWIFT_EMIT_LOC_STRINGS = NO;
				SWIFT_VERSION = 5.0;
				TARGETED_DEVICE_FAMILY = "1,2";
				TEST_TARGET_NAME = Lab3;
			};
			name = Release;
		};
/* End XCBuildConfiguration section */

/* Begin XCConfigurationList section */
		EF871A6928D3B24D0034FC47 /* Build configuration list for PBXProject "Lab3" */ = {
			isa = XCConfigurationList;
			buildConfigurations = (
				EF871A9628D3B24E0034FC47 /* Debug */,
				EF871A9728D3B24E0034FC47 /* Release */,
			);
			defaultConfigurationIsVisible = 0;
			defaultConfigurationName = Release;
		};
		EF871A9828D3B24E0034FC47 /* Build configuration list for PBXNativeTarget "Lab3" */ = {
			isa = XCConfigurationList;
			buildConfigurations = (
				EF871A9928D3B24E0034FC47 /* Debug */,
				EF871A9A28D3B24E0034FC47 /* Release */,
			);
			defaultConfigurationIsVisible = 0;
			defaultConfigurationName = Release;
		};
		EF871A9B28D3B24E0034FC47 /* Build configuration list for PBXNativeTarget "Lab3Tests" */ = {
			isa = XCConfigurationList;
			buildConfigurations = (
				EF871A9C28D3B24E0034FC47 /* Debug */,
				EF871A9D28D3B24E0034FC47 /* Release */,
			);
			defaultConfigurationIsVisible = 0;
			defaultConfigurationName = Release;
		};
		EF871A9E28D3B24E0034FC47 /* Build configuration list for PBXNativeTarget "Lab3UITests" */ = {
			isa = XCConfigurationList;
			buildConfigurations = (
				EF871A9F28D3B24E0034FC47 /* Debug */,
				EF871AA028D3B24E0034FC47 /* Release */,
			);
			defaultConfigurationIsVisible = 0;
			defaultConfigurationName = Release;
		};
/* End XCConfigurationList section */
	};
	rootObject = EF871A6628D3B24D0034FC47 /* Project object */;
}
